
Microsoft Visual Studio Solution File, Format Version 12.00
# Visual Studio 2013
VisualStudioVersion = 12.0.40629.0
MinimumVisualStudioVersion = 10.0.40219.1
Project("{FAE04EC0-301F-11D3-BF4B-00C04F79EFBC}") = "Chp 7-2", "Chp 7-2\Chp 7-2.csproj", "{F19CCA1F-C128-4280-A6A2-E3A06C9D2F26}"
EndProject
Global
	GlobalSection(SolutionConfigurationPlatforms) = preSolution
		Debug|Any CPU = Debug|Any CPU
		Release|Any CPU = Release|Any CPU
	EndGlobalSection
	GlobalSection(ProjectConfigurationPlatforms) = postSolution
		{F19CCA1F-C128-4280-A6A2-E3A06C9D2F26}.Debug|Any CPU.ActiveCfg = Debug|Any CPU
		{F19CCA1F-C128-4280-A6A2-E3A06C9D2F26}.Debug|Any CPU.Build.0 = Debug|Any CPU
		{F19CCA1F-C128-4280-A6A2-E3A06C9D2F26}.Release|Any CPU.ActiveCfg = Release|Any CPU
		{F19CCA1F-C128-4280-A6A2-E3A06C9D2F26}.Release|Any CPU.Build.0 = Release|Any CPU
	EndGlobalSection
	GlobalSection(SolutionProperties) = preSolution
		HideSolutionNode = FALSE
	EndGlobalSection
EndGlobal
